
Microsoft Visual Studio Solution File, Format Version 12.00
# Visual Studio Version 17
VisualStudioVersion = 17.2.32630.192
MinimumVisualStudioVersion = 10.0.40219.1
Project("{9A19103F-16F7-4668-BE54-9A1E7A4F7556}") = "SrcChess2", "SrcChess2.csproj", "{D7A39599-D171-43E6-A442-94B855DF303D}"
EndProject
Global
	GlobalSection(SolutionConfigurationPlatforms) = preSolution
		Debug|Any CPU = Debug|Any CPU
		Release|Any CPU = Release|Any CPU
	EndGlobalSection
	GlobalSection(ProjectConfigurationPlatforms) = postSolution
		{D7A39599-D171-43E6-A442-94B855DF303D}.Debug|Any CPU.ActiveCfg = Debug|Any CPU
		{D7A39599-D171-43E6-A442-94B855DF303D}.Debug|Any CPU.Build.0 = Debug|Any CPU
		{D7A39599-D171-43E6-A442-94B855DF303D}.Release|Any CPU.ActiveCfg = Release|Any CPU
		{D7A39599-D171-43E6-A442-94B855DF303D}.Release|Any CPU.Build.0 = Release|Any CPU
	EndGlobalSection
	GlobalSection(SolutionProperties) = preSolution
		HideSolutionNode = FALSE
	EndGlobalSection
	GlobalSection(ExtensibilityGlobals) = postSolution
		SolutionGuid = {8AA3D61A-3147-4B58-8D00-3FF0D15CCD2E}
	EndGlobalSection
EndGlobal
